
Microsoft Visual Studio Solution File, Format Version 12.00
# Visual Studio 15
VisualStudioVersion = 15.0.28307.329
MinimumVisualStudioVersion = 10.0.40219.1
Project("{FAE04EC0-301F-11D3-BF4B-00C04F79EFBC}") = "Mongol Tori Science Box New", "Mongol Tori Science Box New\Mongol Tori Science Box New.csproj", "{FB5EA9D4-DF3A-4825-AC6F-0032B605B9DC}"
EndProject
Global
	GlobalSection(SolutionConfigurationPlatforms) = preSolution
		Debug|Any CPU = Debug|Any CPU
		Release|Any CPU = Release|Any CPU
	EndGlobalSection
	GlobalSection(ProjectConfigurationPlatforms) = postSolution
		{FB5EA9D4-DF3A-4825-AC6F-0032B605B9DC}.Debug|Any CPU.ActiveCfg = Debug|Any CPU
		{FB5EA9D4-DF3A-4825-AC6F-0032B605B9DC}.Debug|Any CPU.Build.0 = Debug|Any CPU
		{FB5EA9D4-DF3A-4825-AC6F-0032B605B9DC}.Release|Any CPU.ActiveCfg = Release|Any CPU
		{FB5EA9D4-DF3A-4825-AC6F-0032B605B9DC}.Release|Any CPU.Build.0 = Release|Any CPU
	EndGlobalSection
	GlobalSection(SolutionProperties) = preSolution
		HideSolutionNode = FALSE
	EndGlobalSection
	GlobalSection(ExtensibilityGlobals) = postSolution
		SolutionGuid = {BEA25A85-007C-40B8-AEC0-571CBD7ACDB9}
	EndGlobalSection
EndGlobal
